{
  "version": 4,
  "terraform_version": "1.10.5",
  "serial": 28,
  "lineage": "676db275-e287-9feb-34ac-2e4ebf9842c3",
  "outputs": {},
  "resources": [
    {
      "mode": "managed",
      "type": "google_bigquery_dataset",
      "name": "dataset",
      "provider": "provider[\"registry.terraform.io/hashicorp/google\"]",
      "instances": [
        {
          "schema_version": 0,
          "attributes": {
            "access": [
              {
                "condition": [],
                "dataset": [],
                "domain": "",
                "group_by_email": "",
                "iam_member": "",
                "role": "OWNER",
                "routine": [],
                "special_group": "",
                "user_by_email": "terraform-admin@db-project-456518.iam.gserviceaccount.com",
                "view": []
              },
              {
                "condition": [],
                "dataset": [],
                "domain": "",
                "group_by_email": "",
                "iam_member": "",
                "role": "OWNER",
                "routine": [],
                "special_group": "projectOwners",
                "user_by_email": "",
                "view": []
              },
              {
                "condition": [],
                "dataset": [],
                "domain": "",
                "group_by_email": "",
                "iam_member": "",
                "role": "READER",
                "routine": [],
                "special_group": "projectReaders",
                "user_by_email": "",
                "view": []
              },
              {
                "condition": [],
                "dataset": [],
                "domain": "",
                "group_by_email": "",
                "iam_member": "",
                "role": "WRITER",
                "routine": [],
                "special_group": "projectWriters",
                "user_by_email": "",
                "view": []
              }
            ],
            "creation_time": 1744554048117,
            "dataset_id": "db_project_dataset",
            "default_collation": "",
            "default_encryption_configuration": [],
            "default_partition_expiration_ms": 0,
            "default_table_expiration_ms": 0,
            "delete_contents_on_destroy": false,
            "description": "",
            "effective_labels": {
              "goog-terraform-provisioned": "true"
            },
            "etag": "Bp0Q8KFsVBcNpPwgB8REyg==",
            "external_dataset_reference": [],
            "friendly_name": "",
            "id": "projects/db-project-456518/datasets/db_project_dataset",
            "is_case_insensitive": false,
            "labels": {},
            "last_modified_time": 1744554290534,
            "location": "europe-central2",
            "max_time_travel_hours": "168",
            "project": "db-project-456518",
            "resource_tags": {},
            "self_link": "https://bigquery.googleapis.com/bigquery/v2/projects/db-project-456518/datasets/db_project_dataset",
            "storage_billing_model": "",
            "terraform_labels": {
              "goog-terraform-provisioned": "true"
            },
            "timeouts": null
          },
          "sensitive_attributes": [],
          "private": "eyJlMmJmYjczMC1lY2FhLTExZTYtOGY4OC0zNDM2M2JjN2M0YzAiOnsiY3JlYXRlIjoxMjAwMDAwMDAwMDAwLCJkZWxldGUiOjEyMDAwMDAwMDAwMDAsInVwZGF0ZSI6MTIwMDAwMDAwMDAwMH19"
        }
      ]
    },
    {
      "mode": "managed",
      "type": "google_project_iam_member",
      "name": "sa_roles",
      "provider": "provider[\"registry.terraform.io/hashicorp/google\"]",
      "instances": [
        {
          "index_key": "roles/bigquery.admin",
          "schema_version": 0,
          "attributes": {
            "condition": [],
            "etag": "BwYyqbMHkjs=",
            "id": "db-project-456518/roles/bigquery.admin/serviceAccount:pipeline-sa@db-project-456518.iam.gserviceaccount.com",
            "member": "serviceAccount:pipeline-sa@db-project-456518.iam.gserviceaccount.com",
            "project": "db-project-456518",
            "role": "roles/bigquery.admin"
          },
          "sensitive_attributes": [],
          "private": "bnVsbA==",
          "dependencies": [
            "google_service_account.pipeline-sa"
          ]
        },
        {
          "index_key": "roles/dataproc.editor",
          "schema_version": 0,
          "attributes": {
            "condition": [],
            "etag": "BwYyqbMHkjs=",
            "id": "db-project-456518/roles/dataproc.editor/serviceAccount:pipeline-sa@db-project-456518.iam.gserviceaccount.com",
            "member": "serviceAccount:pipeline-sa@db-project-456518.iam.gserviceaccount.com",
            "project": "db-project-456518",
            "role": "roles/dataproc.editor"
          },
          "sensitive_attributes": [],
          "private": "bnVsbA==",
          "dependencies": [
            "google_service_account.pipeline-sa"
          ]
        },
        {
          "index_key": "roles/dataproc.worker",
          "schema_version": 0,
          "attributes": {
            "condition": [],
            "etag": "BwYyqcVYR2M=",
            "id": "db-project-456518/roles/dataproc.worker/serviceAccount:pipeline-sa@db-project-456518.iam.gserviceaccount.com",
            "member": "serviceAccount:pipeline-sa@db-project-456518.iam.gserviceaccount.com",
            "project": "db-project-456518",
            "role": "roles/dataproc.worker"
          },
          "sensitive_attributes": [],
          "private": "bnVsbA==",
          "dependencies": [
            "google_service_account.pipeline-sa"
          ]
        },
        {
          "index_key": "roles/logging.logWriter",
          "schema_version": 0,
          "attributes": {
            "condition": [],
            "etag": "BwYyqcVYR2M=",
            "id": "db-project-456518/roles/logging.logWriter/serviceAccount:pipeline-sa@db-project-456518.iam.gserviceaccount.com",
            "member": "serviceAccount:pipeline-sa@db-project-456518.iam.gserviceaccount.com",
            "project": "db-project-456518",
            "role": "roles/logging.logWriter"
          },
          "sensitive_attributes": [],
          "private": "bnVsbA==",
          "dependencies": [
            "google_service_account.pipeline-sa"
          ]
        },
        {
          "index_key": "roles/monitoring.metricWriter",
          "schema_version": 0,
          "attributes": {
            "condition": [],
            "etag": "BwYyqcVYR2M=",
            "id": "db-project-456518/roles/monitoring.metricWriter/serviceAccount:pipeline-sa@db-project-456518.iam.gserviceaccount.com",
            "member": "serviceAccount:pipeline-sa@db-project-456518.iam.gserviceaccount.com",
            "project": "db-project-456518",
            "role": "roles/monitoring.metricWriter"
          },
          "sensitive_attributes": [],
          "private": "bnVsbA==",
          "dependencies": [
            "google_service_account.pipeline-sa"
          ]
        },
        {
          "index_key": "roles/storage.admin",
          "schema_version": 0,
          "attributes": {
            "condition": [],
            "etag": "BwYyqbMHkjs=",
            "id": "db-project-456518/roles/storage.admin/serviceAccount:pipeline-sa@db-project-456518.iam.gserviceaccount.com",
            "member": "serviceAccount:pipeline-sa@db-project-456518.iam.gserviceaccount.com",
            "project": "db-project-456518",
            "role": "roles/storage.admin"
          },
          "sensitive_attributes": [],
          "private": "bnVsbA==",
          "dependencies": [
            "google_service_account.pipeline-sa"
          ]
        },
        {
          "index_key": "roles/storage.objectAdmin",
          "schema_version": 0,
          "attributes": {
            "condition": [],
            "etag": "BwYyqcVYR2M=",
            "id": "db-project-456518/roles/storage.objectAdmin/serviceAccount:pipeline-sa@db-project-456518.iam.gserviceaccount.com",
            "member": "serviceAccount:pipeline-sa@db-project-456518.iam.gserviceaccount.com",
            "project": "db-project-456518",
            "role": "roles/storage.objectAdmin"
          },
          "sensitive_attributes": [],
          "private": "bnVsbA==",
          "dependencies": [
            "google_service_account.pipeline-sa"
          ]
        }
      ]
    },
    {
      "mode": "managed",
      "type": "google_service_account",
      "name": "pipeline-sa",
      "provider": "provider[\"registry.terraform.io/hashicorp/google\"]",
      "instances": [
        {
          "schema_version": 0,
          "attributes": {
            "account_id": "pipeline-sa",
            "create_ignore_already_exists": null,
            "description": "",
            "disabled": false,
            "display_name": "Additional Service Account for data pipeline access (DataProc)",
            "email": "pipeline-sa@db-project-456518.iam.gserviceaccount.com",
            "id": "projects/db-project-456518/serviceAccounts/pipeline-sa@db-project-456518.iam.gserviceaccount.com",
            "member": "serviceAccount:pipeline-sa@db-project-456518.iam.gserviceaccount.com",
            "name": "projects/db-project-456518/serviceAccounts/pipeline-sa@db-project-456518.iam.gserviceaccount.com",
            "project": "db-project-456518",
            "timeouts": null,
            "unique_id": "105569807292849906410"
          },
          "sensitive_attributes": [],
          "private": "eyJlMmJmYjczMC1lY2FhLTExZTYtOGY4OC0zNDM2M2JjN2M0YzAiOnsiY3JlYXRlIjozMDAwMDAwMDAwMDB9fQ=="
        }
      ]
    },
    {
      "mode": "managed",
      "type": "google_storage_bucket",
      "name": "db_bucket",
      "provider": "provider[\"registry.terraform.io/hashicorp/google\"]",
      "instances": [
        {
          "schema_version": 3,
          "attributes": {
            "autoclass": [],
            "cors": [],
            "custom_placement_config": [],
            "default_event_based_hold": false,
            "effective_labels": {
              "goog-terraform-provisioned": "true"
            },
            "enable_object_retention": false,
            "encryption": [],
            "force_destroy": false,
            "hierarchical_namespace": [
              {
                "enabled": false
              }
            ],
            "id": "db_project_data_bucket",
            "labels": {},
            "lifecycle_rule": [],
            "location": "EUROPE-CENTRAL2",
            "logging": [],
            "name": "db_project_data_bucket",
            "project": "db-project-456518",
            "project_number": 1014201654849,
            "public_access_prevention": "inherited",
            "requester_pays": false,
            "retention_policy": [],
            "rpo": null,
            "self_link": "https://www.googleapis.com/storage/v1/b/db_project_data_bucket",
            "soft_delete_policy": [
              {
                "effective_time": "2025-04-13T14:20:48.321Z",
                "retention_duration_seconds": 604800
              }
            ],
            "storage_class": "STANDARD",
            "terraform_labels": {
              "goog-terraform-provisioned": "true"
            },
            "timeouts": null,
            "uniform_bucket_level_access": false,
            "url": "gs://db_project_data_bucket",
            "versioning": [],
            "website": []
          },
          "sensitive_attributes": [],
          "private": "eyJlMmJmYjczMC1lY2FhLTExZTYtOGY4OC0zNDM2M2JjN2M0YzAiOnsiY3JlYXRlIjo2MDAwMDAwMDAwMDAsInJlYWQiOjI0MDAwMDAwMDAwMCwidXBkYXRlIjoyNDAwMDAwMDAwMDB9LCJzY2hlbWFfdmVyc2lvbiI6IjMifQ=="
        }
      ]
    }
  ],
  "check_results": null
}
